// !$*UTF8*$!
{
	archiveVersion = 1;
	classes = {
	};
	objectVersion = 56;
	objects = {

/* Begin PBXBuildFile section */
		7CABA03F2CEF140B00CEC5E7 /* AppDelegate.swift in Sources */ = {isa = PBXBuildFile; fileRef = 7CABA03E2CEF140B00CEC5E7 /* AppDelegate.swift */; };
		7CABA0412CEF140B00CEC5E7 /* SceneDelegate.swift in Sources */ = {isa = PBXBuildFile; fileRef = 7CABA0402CEF140B00CEC5E7 /* SceneDelegate.swift */; };
		7CABA0482CEF140D00CEC5E7 /* Assets.xcassets in Resources */ = {isa = PBXBuildFile; fileRef = 7CABA0472CEF140D00CEC5E7 /* Assets.xcassets */; };
		7CABA04B2CEF140D00CEC5E7 /* Base in Resources */ = {isa = PBXBuildFile; fileRef = 7CABA04A2CEF140D00CEC5E7 /* Base */; };
		7CABA0542CEF14B000CEC5E7 /* MainViewController.xib in Resources */ = {isa = PBXBuildFile; fileRef = 7CABA0532CEF14B000CEC5E7 /* MainViewController.xib */; };
		7CABA0552CEF14B000CEC5E7 /* MainViewController.swift in Sources */ = {isa = PBXBuildFile; fileRef = 7CABA0522CEF14B000CEC5E7 /* MainViewController.swift */; };
		7CABA05B2CEF18C500CEC5E7 /* WeatherData.swift in Sources */ = {isa = PBXBuildFile; fileRef = 7CABA05A2CEF18C500CEC5E7 /* WeatherData.swift */; };
		7CABA0602CEF237B00CEC5E7 /* RequestMethod.swift in Sources */ = {isa = PBXBuildFile; fileRef = 7CABA05F2CEF237B00CEC5E7 /* RequestMethod.swift */; };
		7CABA0622CEF23A300CEC5E7 /* HeaderFields.swift in Sources */ = {isa = PBXBuildFile; fileRef = 7CABA0612CEF23A300CEC5E7 /* HeaderFields.swift */; };
		7CABA0642CEF23B900CEC5E7 /* ContentType.swift in Sources */ = {isa = PBXBuildFile; fileRef = 7CABA0632CEF23B900CEC5E7 /* ContentType.swift */; };
		7CABA0662CEF286800CEC5E7 /* ResponseStatus.swift in Sources */ = {isa = PBXBuildFile; fileRef = 7CABA0652CEF286800CEC5E7 /* ResponseStatus.swift */; };
		7CABA0682CEF2B2500CEC5E7 /* NetworkConstant.swift in Sources */ = {isa = PBXBuildFile; fileRef = 7CABA0672CEF2B2500CEC5E7 /* NetworkConstant.swift */; };
		7CABA06A2CEF2D8E00CEC5E7 /* NetworkManager.swift in Sources */ = {isa = PBXBuildFile; fileRef = 7CABA0692CEF2D8E00CEC5E7 /* NetworkManager.swift */; };
		7CABA06D2CEF32C300CEC5E7 /* EnCodeable+JsonToDict.swift in Sources */ = {isa = PBXBuildFile; fileRef = 7CABA06C2CEF32C300CEC5E7 /* EnCodeable+JsonToDict.swift */; };
		7CE700C82CF4806D000230DE /* TimeTableViewCell.xib in Resources */ = {isa = PBXBuildFile; fileRef = 7CE700C72CF4806D000230DE /* TimeTableViewCell.xib */; };
		7CE700C92CF4806D000230DE /* TimeTableViewCell.swift in Sources */ = {isa = PBXBuildFile; fileRef = 7CE700C62CF4806D000230DE /* TimeTableViewCell.swift */; };
/* End PBXBuildFile section */

/* Begin PBXFileReference section */
		7CABA03B2CEF140B00CEC5E7 /* Weather.app */ = {isa = PBXFileReference; explicitFileType = wrapper.application; includeInIndex = 0; path = Weather.app; sourceTree = BUILT_PRODUCTS_DIR; };
		7CABA03E2CEF140B00CEC5E7 /* AppDelegate.swift */ = {isa = PBXFileReference; lastKnownFileType = sourcecode.swift; path = AppDelegate.swift; sourceTree = "<group>"; };
		7CABA0402CEF140B00CEC5E7 /* SceneDelegate.swift */ = {isa = PBXFileReference; lastKnownFileType = sourcecode.swift; path = SceneDelegate.swift; sourceTree = "<group>"; };
		7CABA0472CEF140D00CEC5E7 /* Assets.xcassets */ = {isa = PBXFileReference; lastKnownFileType = folder.assetcatalog; path = Assets.xcassets; sourceTree = "<group>"; };
		7CABA04A2CEF140D00CEC5E7 /* Base */ = {isa = PBXFileReference; lastKnownFileType = file.storyboard; name = Base; path = Base.lproj/LaunchScreen.storyboard; sourceTree = "<group>"; };
		7CABA04C2CEF140D00CEC5E7 /* Info.plist */ = {isa = PBXFileReference; lastKnownFileType = text.plist.xml; path = Info.plist; sourceTree = "<group>"; };
		7CABA0522CEF14B000CEC5E7 /* MainViewController.swift */ = {isa = PBXFileReference; lastKnownFileType = sourcecode.swift; path = MainViewController.swift; sourceTree = "<group>"; };
		7CABA0532CEF14B000CEC5E7 /* MainViewController.xib */ = {isa = PBXFileReference; lastKnownFileType = file.xib; path = MainViewController.xib; sourceTree = "<group>"; };
		7CABA05A2CEF18C500CEC5E7 /* WeatherData.swift */ = {isa = PBXFileReference; lastKnownFileType = sourcecode.swift; path = WeatherData.swift; sourceTree = "<group>"; };
		7CABA05F2CEF237B00CEC5E7 /* RequestMethod.swift */ = {isa = PBXFileReference; lastKnownFileType = sourcecode.swift; path = RequestMethod.swift; sourceTree = "<group>"; };
		7CABA0612CEF23A300CEC5E7 /* HeaderFields.swift */ = {isa = PBXFileReference; lastKnownFileType = sourcecode.swift; path = HeaderFields.swift; sourceTree = "<group>"; };
		7CABA0632CEF23B900CEC5E7 /* ContentType.swift */ = {isa = PBXFileReference; lastKnownFileType = sourcecode.swift; path = ContentType.swift; sourceTree = "<group>"; };
		7CABA0652CEF286800CEC5E7 /* ResponseStatus.swift */ = {isa = PBXFileReference; lastKnownFileType = sourcecode.swift; path = ResponseStatus.swift; sourceTree = "<group>"; };
		7CABA0672CEF2B2500CEC5E7 /* NetworkConstant.swift */ = {isa = PBXFileReference; lastKnownFileType = sourcecode.swift; path = NetworkConstant.swift; sourceTree = "<group>"; };
		7CABA0692CEF2D8E00CEC5E7 /* NetworkManager.swift */ = {isa = PBXFileReference; lastKnownFileType = sourcecode.swift; path = NetworkManager.swift; sourceTree = "<group>"; };
		7CABA06C2CEF32C300CEC5E7 /* EnCodeable+JsonToDict.swift */ = {isa = PBXFileReference; lastKnownFileType = sourcecode.swift; path = "EnCodeable+JsonToDict.swift"; sourceTree = "<group>"; };
		7CE700C62CF4806D000230DE /* TimeTableViewCell.swift */ = {isa = PBXFileReference; lastKnownFileType = sourcecode.swift; path = TimeTableViewCell.swift; sourceTree = "<group>"; };
		7CE700C72CF4806D000230DE /* TimeTableViewCell.xib */ = {isa = PBXFileReference; lastKnownFileType = file.xib; path = TimeTableViewCell.xib; sourceTree = "<group>"; };
/* End PBXFileReference section */

/* Begin PBXFrameworksBuildPhase section */
		7CABA0382CEF140B00CEC5E7 /* Frameworks */ = {
			isa = PBXFrameworksBuildPhase;
			buildActionMask = 2147483647;
			files = (
			);
			runOnlyForDeploymentPostprocessing = 0;
		};
/* End PBXFrameworksBuildPhase section */

/* Begin PBXGroup section */
		7CABA0322CEF140A00CEC5E7 = {
			isa = PBXGroup;
			children = (
				7CABA03D2CEF140B00CEC5E7 /* Weather */,
				7CABA03C2CEF140B00CEC5E7 /* Products */,
			);
			sourceTree = "<group>";
		};
		7CABA03C2CEF140B00CEC5E7 /* Products */ = {
			isa = PBXGroup;
			children = (
				7CABA03B2CEF140B00CEC5E7 /* Weather.app */,
			);
			name = Products;
			sourceTree = "<group>";
		};
		7CABA03D2CEF140B00CEC5E7 /* Weather */ = {
			isa = PBXGroup;
			children = (
				7CABA0562CEF155B00CEC5E7 /* Model */,
				7CABA0572CEF158A00CEC5E7 /* View */,
				7CABA0582CEF159300CEC5E7 /* Controller */,
				7CABA03E2CEF140B00CEC5E7 /* AppDelegate.swift */,
				7CABA0402CEF140B00CEC5E7 /* SceneDelegate.swift */,
				7CABA0472CEF140D00CEC5E7 /* Assets.xcassets */,
				7CABA0492CEF140D00CEC5E7 /* LaunchScreen.storyboard */,
				7CABA04C2CEF140D00CEC5E7 /* Info.plist */,
			);
			path = Weather;
			sourceTree = "<group>";
		};
		7CABA0562CEF155B00CEC5E7 /* Model */ = {
			isa = PBXGroup;
			children = (
				7CABA06B2CEF31D200CEC5E7 /* Extensions */,
				7CABA05C2CEF208B00CEC5E7 /* Network */,
			);
			path = Model;
			sourceTree = "<group>";
		};
		7CABA0572CEF158A00CEC5E7 /* View */ = {
			isa = PBXGroup;
			children = (
			);
			path = View;
			sourceTree = "<group>";
		};
		7CABA0582CEF159300CEC5E7 /* Controller */ = {
			isa = PBXGroup;
			children = (
				7CABA0522CEF14B000CEC5E7 /* MainViewController.swift */,
				7CABA0532CEF14B000CEC5E7 /* MainViewController.xib */,
				7CE700C62CF4806D000230DE /* TimeTableViewCell.swift */,
				7CE700C72CF4806D000230DE /* TimeTableViewCell.xib */,
			);
			path = Controller;
			sourceTree = "<group>";
		};
		7CABA0592CEF189A00CEC5E7 /* API */ = {
			isa = PBXGroup;
			children = (
				7CABA05A2CEF18C500CEC5E7 /* WeatherData.swift */,
			);
			path = API;
			sourceTree = "<group>";
		};
		7CABA05C2CEF208B00CEC5E7 /* Network */ = {
			isa = PBXGroup;
			children = (
				7CABA0592CEF189A00CEC5E7 /* API */,
				7CABA05E2CEF21BA00CEC5E7 /* HttpResponse */,
				7CABA05D2CEF219200CEC5E7 /* HttpRequest */,
				7CABA0672CEF2B2500CEC5E7 /* NetworkConstant.swift */,
				7CABA0692CEF2D8E00CEC5E7 /* NetworkManager.swift */,
			);
			path = Network;
			sourceTree = "<group>";
		};
		7CABA05D2CEF219200CEC5E7 /* HttpRequest */ = {
			isa = PBXGroup;
			children = (
				7CABA05F2CEF237B00CEC5E7 /* RequestMethod.swift */,
				7CABA0612CEF23A300CEC5E7 /* HeaderFields.swift */,
				7CABA0632CEF23B900CEC5E7 /* ContentType.swift */,
			);
			path = HttpRequest;
			sourceTree = "<group>";
		};
		7CABA05E2CEF21BA00CEC5E7 /* HttpResponse */ = {
			isa = PBXGroup;
			children = (
				7CABA0652CEF286800CEC5E7 /* ResponseStatus.swift */,
			);
			path = HttpResponse;
			sourceTree = "<group>";
		};
		7CABA06B2CEF31D200CEC5E7 /* Extensions */ = {
			isa = PBXGroup;
			children = (
				7CABA06C2CEF32C300CEC5E7 /* EnCodeable+JsonToDict.swift */,
			);
			path = Extensions;
			sourceTree = "<group>";
		};
/* End PBXGroup section */

/* Begin PBXNativeTarget section */
		7CABA03A2CEF140B00CEC5E7 /* Weather */ = {
			isa = PBXNativeTarget;
			buildConfigurationList = 7CABA04F2CEF140D00CEC5E7 /* Build configuration list for PBXNativeTarget "Weather" */;
			buildPhases = (
				7CABA0372CEF140B00CEC5E7 /* Sources */,
				7CABA0382CEF140B00CEC5E7 /* Frameworks */,
				7CABA0392CEF140B00CEC5E7 /* Resources */,
			);
			buildRules = (
			);
			dependencies = (
			);
			name = Weather;
			productName = Weather;
			productReference = 7CABA03B2CEF140B00CEC5E7 /* Weather.app */;
			productType = "com.apple.product-type.application";
		};
/* End PBXNativeTarget section */

/* Begin PBXProject section */
		7CABA0332CEF140A00CEC5E7 /* Project object */ = {
			isa = PBXProject;
			attributes = {
				BuildIndependentTargetsInParallel = 1;
				LastSwiftUpdateCheck = 1540;
				LastUpgradeCheck = 1540;
				TargetAttributes = {
					7CABA03A2CEF140B00CEC5E7 = {
						CreatedOnToolsVersion = 15.4;
					};
				};
			};
			buildConfigurationList = 7CABA0362CEF140A00CEC5E7 /* Build configuration list for PBXProject "Weather" */;
			compatibilityVersion = "Xcode 14.0";
			developmentRegion = en;
			hasScannedForEncodings = 0;
			knownRegions = (
				en,
				Base,
			);
			mainGroup = 7CABA0322CEF140A00CEC5E7;
			productRefGroup = 7CABA03C2CEF140B00CEC5E7 /* Products */;
			projectDirPath = "";
			projectRoot = "";
			targets = (
				7CABA03A2CEF140B00CEC5E7 /* Weather */,
			);
		};
/* End PBXProject section */

/* Begin PBXResourcesBuildPhase section */
		7CABA0392CEF140B00CEC5E7 /* Resources */ = {
			isa = PBXResourcesBuildPhase;
			buildActionMask = 2147483647;
			files = (
				7CE700C82CF4806D000230DE /* TimeTableViewCell.xib in Resources */,
				7CABA0482CEF140D00CEC5E7 /* Assets.xcassets in Resources */,
				7CABA04B2CEF140D00CEC5E7 /* Base in Resources */,
				7CABA0542CEF14B000CEC5E7 /* MainViewController.xib in Resources */,
			);
			runOnlyForDeploymentPostprocessing = 0;
		};
/* End PBXResourcesBuildPhase section */

/* Begin PBXSourcesBuildPhase section */
		7CABA0372CEF140B00CEC5E7 /* Sources */ = {
			isa = PBXSourcesBuildPhase;
			buildActionMask = 2147483647;
			files = (
				7CABA03F2CEF140B00CEC5E7 /* AppDelegate.swift in Sources */,
				7CABA0412CEF140B00CEC5E7 /* SceneDelegate.swift in Sources */,
				7CABA06A2CEF2D8E00CEC5E7 /* NetworkManager.swift in Sources */,
				7CABA0662CEF286800CEC5E7 /* ResponseStatus.swift in Sources */,
				7CABA05B2CEF18C500CEC5E7 /* WeatherData.swift in Sources */,
				7CABA0602CEF237B00CEC5E7 /* RequestMethod.swift in Sources */,
				7CABA0642CEF23B900CEC5E7 /* ContentType.swift in Sources */,
				7CABA0552CEF14B000CEC5E7 /* MainViewController.swift in Sources */,
				7CE700C92CF4806D000230DE /* TimeTableViewCell.swift in Sources */,
				7CABA06D2CEF32C300CEC5E7 /* EnCodeable+JsonToDict.swift in Sources */,
				7CABA0682CEF2B2500CEC5E7 /* NetworkConstant.swift in Sources */,
				7CABA0622CEF23A300CEC5E7 /* HeaderFields.swift in Sources */,
			);
			runOnlyForDeploymentPostprocessing = 0;
		};
/* End PBXSourcesBuildPhase section */

/* Begin PBXVariantGroup section */
		7CABA0492CEF140D00CEC5E7 /* LaunchScreen.storyboard */ = {
			isa = PBXVariantGroup;
			children = (
				7CABA04A2CEF140D00CEC5E7 /* Base */,
			);
			name = LaunchScreen.storyboard;
			sourceTree = "<group>";
		};
/* End PBXVariantGroup section */

/* Begin XCBuildConfiguration section */
		7CABA04D2CEF140D00CEC5E7 /* Debug */ = {
			isa = XCBuildConfiguration;
			buildSettings = {
				ALWAYS_SEARCH_USER_PATHS = NO;
				ASSETCATALOG_COMPILER_GENERATE_SWIFT_ASSET_SYMBOL_EXTENSIONS = YES;
				CLANG_ANALYZER_NONNULL = YES;
				CLANG_ANALYZER_NUMBER_OBJECT_CONVERSION = YES_AGGRESSIVE;
				CLANG_CXX_LANGUAGE_STANDARD = "gnu++20";
				CLANG_ENABLE_MODULES = YES;
				CLANG_ENABLE_OBJC_ARC = YES;
				CLANG_ENABLE_OBJC_WEAK = YES;
				CLANG_WARN_BLOCK_CAPTURE_AUTORELEASING = YES;
				CLANG_WARN_BOOL_CONVERSION = YES;
				CLANG_WARN_COMMA = YES;
				CLANG_WARN_CONSTANT_CONVERSION = YES;
				CLANG_WARN_DEPRECATED_OBJC_IMPLEMENTATIONS = YES;
				CLANG_WARN_DIRECT_OBJC_ISA_USAGE = YES_ERROR;
				CLANG_WARN_DOCUMENTATION_COMMENTS = YES;
				CLANG_WARN_EMPTY_BODY = YES;
				CLANG_WARN_ENUM_CONVERSION = YES;
				CLANG_WARN_INFINITE_RECURSION = YES;
				CLANG_WARN_INT_CONVERSION = YES;
				CLANG_WARN_NON_LITERAL_NULL_CONVERSION = YES;
				CLANG_WARN_OBJC_IMPLICIT_RETAIN_SELF = YES;
				CLANG_WARN_OBJC_LITERAL_CONVERSION = YES;
				CLANG_WARN_OBJC_ROOT_CLASS = YES_ERROR;
				CLANG_WARN_QUOTED_INCLUDE_IN_FRAMEWORK_HEADER = YES;
				CLANG_WARN_RANGE_LOOP_ANALYSIS = YES;
				CLANG_WARN_STRICT_PROTOTYPES = YES;
				CLANG_WARN_SUSPICIOUS_MOVE = YES;
				CLANG_WARN_UNGUARDED_AVAILABILITY = YES_AGGRESSIVE;
				CLANG_WARN_UNREACHABLE_CODE = YES;
				CLANG_WARN__DUPLICATE_METHOD_MATCH = YES;
				COPY_PHASE_STRIP = NO;
				DEBUG_INFORMATION_FORMAT = dwarf;
				ENABLE_STRICT_OBJC_MSGSEND = YES;
				ENABLE_TESTABILITY = YES;
				ENABLE_USER_SCRIPT_SANDBOXING = YES;
				GCC_C_LANGUAGE_STANDARD = gnu17;
				GCC_DYNAMIC_NO_PIC = NO;
				GCC_NO_COMMON_BLOCKS = YES;
				GCC_OPTIMIZATION_LEVEL = 0;
				GCC_PREPROCESSOR_DEFINITIONS = (
					"DEBUG=1",
					"$(inherited)",
				);
				GCC_WARN_64_TO_32_BIT_CONVERSION = YES;
				GCC_WARN_ABOUT_RETURN_TYPE = YES_ERROR;
				GCC_WARN_UNDECLARED_SELECTOR = YES;
				GCC_WARN_UNINITIALIZED_AUTOS = YES_AGGRESSIVE;
				GCC_WARN_UNUSED_FUNCTION = YES;
				GCC_WARN_UNUSED_VARIABLE = YES;
				IPHONEOS_DEPLOYMENT_TARGET = 17.5;
				LOCALIZATION_PREFERS_STRING_CATALOGS = YES;
				MTL_ENABLE_DEBUG_INFO = INCLUDE_SOURCE;
				MTL_FAST_MATH = YES;
				ONLY_ACTIVE_ARCH = YES;
				SDKROOT = iphoneos;
				SWIFT_ACTIVE_COMPILATION_CONDITIONS = "DEBUG $(inherited)";
				SWIFT_OPTIMIZATION_LEVEL = "-Onone";
			};
			name = Debug;
		};
		7CABA04E2CEF140D00CEC5E7 /* Release */ = {
			isa = XCBuildConfiguration;
			buildSettings = {
				ALWAYS_SEARCH_USER_PATHS = NO;
				ASSETCATALOG_COMPILER_GENERATE_SWIFT_ASSET_SYMBOL_EXTENSIONS = YES;
				CLANG_ANALYZER_NONNULL = YES;
				CLANG_ANALYZER_NUMBER_OBJECT_CONVERSION = YES_AGGRESSIVE;
				CLANG_CXX_LANGUAGE_STANDARD = "gnu++20";
				CLANG_ENABLE_MODULES = YES;
				CLANG_ENABLE_OBJC_ARC = YES;
				CLANG_ENABLE_OBJC_WEAK = YES;
				CLANG_WARN_BLOCK_CAPTURE_AUTORELEASING = YES;
				CLANG_WARN_BOOL_CONVERSION = YES;
				CLANG_WARN_COMMA = YES;
				CLANG_WARN_CONSTANT_CONVERSION = YES;
				CLANG_WARN_DEPRECATED_OBJC_IMPLEMENTATIONS = YES;
				CLANG_WARN_DIRECT_OBJC_ISA_USAGE = YES_ERROR;
				CLANG_WARN_DOCUMENTATION_COMMENTS = YES;
				CLANG_WARN_EMPTY_BODY = YES;
				CLANG_WARN_ENUM_CONVERSION = YES;
				CLANG_WARN_INFINITE_RECURSION = YES;
				CLANG_WARN_INT_CONVERSION = YES;
				CLANG_WARN_NON_LITERAL_NULL_CONVERSION = YES;
				CLANG_WARN_OBJC_IMPLICIT_RETAIN_SELF = YES;
				CLANG_WARN_OBJC_LITERAL_CONVERSION = YES;
				CLANG_WARN_OBJC_ROOT_CLASS = YES_ERROR;
				CLANG_WARN_QUOTED_INCLUDE_IN_FRAMEWORK_HEADER = YES;
				CLANG_WARN_RANGE_LOOP_ANALYSIS = YES;
				CLANG_WARN_STRICT_PROTOTYPES = YES;
				CLANG_WARN_SUSPICIOUS_MOVE = YES;
				CLANG_WARN_UNGUARDED_AVAILABILITY = YES_AGGRESSIVE;
				CLANG_WARN_UNREACHABLE_CODE = YES;
				CLANG_WARN__DUPLICATE_METHOD_MATCH = YES;
				COPY_PHASE_STRIP = NO;
				DEBUG_INFORMATION_FORMAT = "dwarf-with-dsym";
				ENABLE_NS_ASSERTIONS = NO;
				ENABLE_STRICT_OBJC_MSGSEND = YES;
				ENABLE_USER_SCRIPT_SANDBOXING = YES;
				GCC_C_LANGUAGE_STANDARD = gnu17;
				GCC_NO_COMMON_BLOCKS = YES;
				GCC_WARN_64_TO_32_BIT_CONVERSION = YES;
				GCC_WARN_ABOUT_RETURN_TYPE = YES_ERROR;
				GCC_WARN_UNDECLARED_SELECTOR = YES;
				GCC_WARN_UNINITIALIZED_AUTOS = YES_AGGRESSIVE;
				GCC_WARN_UNUSED_FUNCTION = YES;
				GCC_WARN_UNUSED_VARIABLE = YES;
				IPHONEOS_DEPLOYMENT_TARGET = 17.5;
				LOCALIZATION_PREFERS_STRING_CATALOGS = YES;
				MTL_ENABLE_DEBUG_INFO = NO;
				MTL_FAST_MATH = YES;
				SDKROOT = iphoneos;
				SWIFT_COMPILATION_MODE = wholemodule;
				VALIDATE_PRODUCT = YES;
			};
			name = Release;
		};
		7CABA0502CEF140D00CEC5E7 /* Debug */ = {
			isa = XCBuildConfiguration;
			buildSettings = {
				ASSETCATALOG_COMPILER_APPICON_NAME = AppIcon;
				ASSETCATALOG_COMPILER_GLOBAL_ACCENT_COLOR_NAME = AccentColor;
				CODE_SIGN_STYLE = Automatic;
				CURRENT_PROJECT_VERSION = 1;
				GENERATE_INFOPLIST_FILE = YES;
				INFOPLIST_FILE = Weather/Info.plist;
				INFOPLIST_KEY_UIApplicationSupportsIndirectInputEvents = YES;
				INFOPLIST_KEY_UILaunchStoryboardName = LaunchScreen;
				INFOPLIST_KEY_UISupportedInterfaceOrientations_iPad = "UIInterfaceOrientationPortrait UIInterfaceOrientationPortraitUpsideDown UIInterfaceOrientationLandscapeLeft UIInterfaceOrientationLandscapeRight";
				INFOPLIST_KEY_UISupportedInterfaceOrientations_iPhone = "UIInterfaceOrientationPortrait UIInterfaceOrientationLandscapeLeft UIInterfaceOrientationLandscapeRight";
				LD_RUNPATH_SEARCH_PATHS = (
					"$(inherited)",
					"@executable_path/Frameworks",
				);
				MARKETING_VERSION = 1.0;
				PRODUCT_BUNDLE_IDENTIFIER = nj.Weather;
				PRODUCT_NAME = "$(TARGET_NAME)";
				SWIFT_EMIT_LOC_STRINGS = YES;
				SWIFT_VERSION = 5.0;
				TARGETED_DEVICE_FAMILY = "1,2";
			};
			name = Debug;
		};
		7CABA0512CEF140D00CEC5E7 /* Release */ = {
			isa = XCBuildConfiguration;
			buildSettings = {
				ASSETCATALOG_COMPILER_APPICON_NAME = AppIcon;
				ASSETCATALOG_COMPILER_GLOBAL_ACCENT_COLOR_NAME = AccentColor;
				CODE_SIGN_STYLE = Automatic;
				CURRENT_PROJECT_VERSION = 1;
				GENERATE_INFOPLIST_FILE = YES;
				INFOPLIST_FILE = Weather/Info.plist;
				INFOPLIST_KEY_UIApplicationSupportsIndirectInputEvents = YES;
				INFOPLIST_KEY_UILaunchStoryboardName = LaunchScreen;
				INFOPLIST_KEY_UISupportedInterfaceOrientations_iPad = "UIInterfaceOrientationPortrait UIInterfaceOrientationPortraitUpsideDown UIInterfaceOrientationLandscapeLeft UIInterfaceOrientationLandscapeRight";
				INFOPLIST_KEY_UISupportedInterfaceOrientations_iPhone = "UIInterfaceOrientationPortrait UIInterfaceOrientationLandscapeLeft UIInterfaceOrientationLandscapeRight";
				LD_RUNPATH_SEARCH_PATHS = (
					"$(inherited)",
					"@executable_path/Frameworks",
				);
				MARKETING_VERSION = 1.0;
				PRODUCT_BUNDLE_IDENTIFIER = nj.Weather;
				PRODUCT_NAME = "$(TARGET_NAME)";
				SWIFT_EMIT_LOC_STRINGS = YES;
				SWIFT_VERSION = 5.0;
				TARGETED_DEVICE_FAMILY = "1,2";
			};
			name = Release;
		};
/* End XCBuildConfiguration section */

/* Begin XCConfigurationList section */
		7CABA0362CEF140A00CEC5E7 /* Build configuration list for PBXProject "Weather" */ = {
			isa = XCConfigurationList;
			buildConfigurations = (
				7CABA04D2CEF140D00CEC5E7 /* Debug */,
				7CABA04E2CEF140D00CEC5E7 /* Release */,
			);
			defaultConfigurationIsVisible = 0;
			defaultConfigurationName = Release;
		};
		7CABA04F2CEF140D00CEC5E7 /* Build configuration list for PBXNativeTarget "Weather" */ = {
			isa = XCConfigurationList;
			buildConfigurations = (
				7CABA0502CEF140D00CEC5E7 /* Debug */,
				7CABA0512CEF140D00CEC5E7 /* Release */,
			);
			defaultConfigurationIsVisible = 0;
			defaultConfigurationName = Release;
		};
/* End XCConfigurationList section */
	};
	rootObject = 7CABA0332CEF140A00CEC5E7 /* Project object */;
}
